
Microsoft Visual Studio Solution File, Format Version 12.00
# Visual Studio Version 17
VisualStudioVersion = 17.13.35818.85 d17.13
MinimumVisualStudioVersion = 10.0.40219.1
Project("{FAE04EC0-301F-11D3-BF4B-00C04F79EFBC}") = "TimerApi", "TimerApi\TimerApi.csproj", "{D5D98E83-DA06-4CCD-BDD7-7F88159D98B9}"
EndProject
Global
	GlobalSection(SolutionConfigurationPlatforms) = preSolution
		Debug|Any CPU = Debug|Any CPU
		Release|Any CPU = Release|Any CPU
	EndGlobalSection
	GlobalSection(ProjectConfigurationPlatforms) = postSolution
		{D5D98E83-DA06-4CCD-BDD7-7F88159D98B9}.Debug|Any CPU.ActiveCfg = Debug|Any CPU
		{D5D98E83-DA06-4CCD-BDD7-7F88159D98B9}.Debug|Any CPU.Build.0 = Debug|Any CPU
		{D5D98E83-DA06-4CCD-BDD7-7F88159D98B9}.Release|Any CPU.ActiveCfg = Release|Any CPU
		{D5D98E83-DA06-4CCD-BDD7-7F88159D98B9}.Release|Any CPU.Build.0 = Release|Any CPU
	EndGlobalSection
	GlobalSection(SolutionProperties) = preSolution
		HideSolutionNode = FALSE
	EndGlobalSection
	GlobalSection(ExtensibilityGlobals) = postSolution
		SolutionGuid = {0AFA532E-CFDB-4C77-B495-20FE84CB85F9}
	EndGlobalSection
EndGlobal
